// !$*UTF8*$!
{
	archiveVersion = 1;
	classes = {
	};
	objectVersion = 50;
	objects = {

/* Begin PBXBuildFile section */
		AB05C7C32612B30D0062577E /* AppDelegate.swift in Sources */ = {isa = PBXBuildFile; fileRef = AB05C7C22612B30D0062577E /* AppDelegate.swift */; };
		AB05C7C52612B30D0062577E /* SceneDelegate.swift in Sources */ = {isa = PBXBuildFile; fileRef = AB05C7C42612B30D0062577E /* SceneDelegate.swift */; };
		AB05C7C72612B30D0062577E /* FeedMovieViewController.swift in Sources */ = {isa = PBXBuildFile; fileRef = AB05C7C62612B30D0062577E /* FeedMovieViewController.swift */; };
		AB05C7CC2612B30E0062577E /* Assets.xcassets in Resources */ = {isa = PBXBuildFile; fileRef = AB05C7CB2612B30E0062577E /* Assets.xcassets */; };
		AB05C7CF2612B30E0062577E /* LaunchScreen.storyboard in Resources */ = {isa = PBXBuildFile; fileRef = AB05C7CD2612B30E0062577E /* LaunchScreen.storyboard */; };
		AB05C7DB2612C4E40062577E /* NetflixAPI.swift in Sources */ = {isa = PBXBuildFile; fileRef = AB05C7DA2612C4E40062577E /* NetflixAPI.swift */; };
/* End PBXBuildFile section */

/* Begin PBXFileReference section */
		AB05C7BF2612B30D0062577E /* NetflixSwift.app */ = {isa = PBXFileReference; explicitFileType = wrapper.application; includeInIndex = 0; path = NetflixSwift.app; sourceTree = BUILT_PRODUCTS_DIR; };
		AB05C7C22612B30D0062577E /* AppDelegate.swift */ = {isa = PBXFileReference; lastKnownFileType = sourcecode.swift; path = AppDelegate.swift; sourceTree = "<group>"; };
		AB05C7C42612B30D0062577E /* SceneDelegate.swift */ = {isa = PBXFileReference; lastKnownFileType = sourcecode.swift; path = SceneDelegate.swift; sourceTree = "<group>"; };
		AB05C7C62612B30D0062577E /* FeedMovieViewController.swift */ = {isa = PBXFileReference; lastKnownFileType = sourcecode.swift; path = FeedMovieViewController.swift; sourceTree = "<group>"; };
		AB05C7CB2612B30E0062577E /* Assets.xcassets */ = {isa = PBXFileReference; lastKnownFileType = folder.assetcatalog; path = Assets.xcassets; sourceTree = "<group>"; };
		AB05C7CE2612B30E0062577E /* Base */ = {isa = PBXFileReference; lastKnownFileType = file.storyboard; name = Base; path = Base.lproj/LaunchScreen.storyboard; sourceTree = "<group>"; };
		AB05C7D02612B30E0062577E /* Info.plist */ = {isa = PBXFileReference; lastKnownFileType = text.plist.xml; path = Info.plist; sourceTree = "<group>"; };
		AB05C7DA2612C4E40062577E /* NetflixAPI.swift */ = {isa = PBXFileReference; lastKnownFileType = sourcecode.swift; name = NetflixAPI.swift; path = ../../NetflixAPI.swift; sourceTree = "<group>"; };
/* End PBXFileReference section */

/* Begin PBXFrameworksBuildPhase section */
		AB05C7BC2612B30D0062577E /* Frameworks */ = {
			isa = PBXFrameworksBuildPhase;
			buildActionMask = 2147483647;
			files = (
			);
			runOnlyForDeploymentPostprocessing = 0;
		};
/* End PBXFrameworksBuildPhase section */

/* Begin PBXGroup section */
		AB05C7B62612B30D0062577E = {
			isa = PBXGroup;
			children = (
				AB05C7C12612B30D0062577E /* NetflixSwift */,
				AB05C7C02612B30D0062577E /* Products */,
			);
			sourceTree = "<group>";
		};
		AB05C7C02612B30D0062577E /* Products */ = {
			isa = PBXGroup;
			children = (
				AB05C7BF2612B30D0062577E /* NetflixSwift.app */,
			);
			name = Products;
			sourceTree = "<group>";
		};
		AB05C7C12612B30D0062577E /* NetflixSwift */ = {
			isa = PBXGroup;
			children = (
				AB05C7C22612B30D0062577E /* AppDelegate.swift */,
				AB05C7C42612B30D0062577E /* SceneDelegate.swift */,
				AB05C7C62612B30D0062577E /* FeedMovieViewController.swift */,
				AB05C7CB2612B30E0062577E /* Assets.xcassets */,
				AB05C7CD2612B30E0062577E /* LaunchScreen.storyboard */,
				AB05C7D02612B30E0062577E /* Info.plist */,
				AB05C7DA2612C4E40062577E /* NetflixAPI.swift */,
			);
			path = NetflixSwift;
			sourceTree = "<group>";
		};
/* End PBXGroup section */

/* Begin PBXNativeTarget section */
		AB05C7BE2612B30D0062577E /* NetflixSwift */ = {
			isa = PBXNativeTarget;
			buildConfigurationList = AB05C7D32612B30E0062577E /* Build configuration list for PBXNativeTarget "NetflixSwift" */;
			buildPhases = (
				AB05C7BB2612B30D0062577E /* Sources */,
				AB05C7BC2612B30D0062577E /* Frameworks */,
				AB05C7BD2612B30D0062577E /* Resources */,
			);
			buildRules = (
			);
			dependencies = (
			);
			name = NetflixSwift;
			productName = NetflixSwift;
			productReference = AB05C7BF2612B30D0062577E /* NetflixSwift.app */;
			productType = "com.apple.product-type.application";
		};
/* End PBXNativeTarget section */

/* Begin PBXProject section */
		AB05C7B72612B30D0062577E /* Project object */ = {
			isa = PBXProject;
			attributes = {
				LastSwiftUpdateCheck = 1240;
				LastUpgradeCheck = 1240;
				TargetAttributes = {
					AB05C7BE2612B30D0062577E = {
						CreatedOnToolsVersion = 12.4;
					};
				};
			};
			buildConfigurationList = AB05C7BA2612B30D0062577E /* Build configuration list for PBXProject "NetflixSwift" */;
			compatibilityVersion = "Xcode 9.3";
			developmentRegion = en;
			hasScannedForEncodings = 0;
			knownRegions = (
				en,
				Base,
			);
			mainGroup = AB05C7B62612B30D0062577E;
			productRefGroup = AB05C7C02612B30D0062577E /* Products */;
			projectDirPath = "";
			projectRoot = "";
			targets = (
				AB05C7BE2612B30D0062577E /* NetflixSwift */,
			);
		};
/* End PBXProject section */

/* Begin PBXResourcesBuildPhase section */
		AB05C7BD2612B30D0062577E /* Resources */ = {
			isa = PBXResourcesBuildPhase;
			buildActionMask = 2147483647;
			files = (
				AB05C7CF2612B30E0062577E /* LaunchScreen.storyboard in Resources */,
				AB05C7CC2612B30E0062577E /* Assets.xcassets in Resources */,
			);
			runOnlyForDeploymentPostprocessing = 0;
		};
/* End PBXResourcesBuildPhase section */

/* Begin PBXSourcesBuildPhase section */
		AB05C7BB2612B30D0062577E /* Sources */ = {
			isa = PBXSourcesBuildPhase;
			buildActionMask = 2147483647;
			files = (
				AB05C7C72612B30D0062577E /* FeedMovieViewController.swift in Sources */,
				AB05C7C32612B30D0062577E /* AppDelegate.swift in Sources */,
				AB05C7C52612B30D0062577E /* SceneDelegate.swift in Sources */,
				AB05C7DB2612C4E40062577E /* NetflixAPI.swift in Sources */,
			);
			runOnlyForDeploymentPostprocessing = 0;
		};
/* End PBXSourcesBuildPhase section */

/* Begin PBXVariantGroup section */
		AB05C7CD2612B30E0062577E /* LaunchScreen.storyboard */ = {
			isa = PBXVariantGroup;
			children = (
				AB05C7CE2612B30E0062577E /* Base */,
			);
			name = LaunchScreen.storyboard;
			sourceTree = "<group>";
		};
/* End PBXVariantGroup section */

/* Begin XCBuildConfiguration section */
		AB05C7D12612B30E0062577E /* Debug */ = {
			isa = XCBuildConfiguration;
			buildSettings = {
				ALWAYS_SEARCH_USER_PATHS = NO;
				CLANG_ANALYZER_NONNULL = YES;
				CLANG_ANALYZER_NUMBER_OBJECT_CONVERSION = YES_AGGRESSIVE;
				CLANG_CXX_LANGUAGE_STANDARD = "gnu++14";
				CLANG_CXX_LIBRARY = "libc++";
				CLANG_ENABLE_MODULES = YES;
				CLANG_ENABLE_OBJC_ARC = YES;
				CLANG_ENABLE_OBJC_WEAK = YES;
				CLANG_WARN_BLOCK_CAPTURE_AUTORELEASING = YES;
				CLANG_WARN_BOOL_CONVERSION = YES;
				CLANG_WARN_COMMA = YES;
				CLANG_WARN_CONSTANT_CONVERSION = YES;
				CLANG_WARN_DEPRECATED_OBJC_IMPLEMENTATIONS = YES;
				CLANG_WARN_DIRECT_OBJC_ISA_USAGE = YES_ERROR;
				CLANG_WARN_DOCUMENTATION_COMMENTS = YES;
				CLANG_WARN_EMPTY_BODY = YES;
				CLANG_WARN_ENUM_CONVERSION = YES;
				CLANG_WARN_INFINITE_RECURSION = YES;
				CLANG_WARN_INT_CONVERSION = YES;
				CLANG_WARN_NON_LITERAL_NULL_CONVERSION = YES;
				CLANG_WARN_OBJC_IMPLICIT_RETAIN_SELF = YES;
				CLANG_WARN_OBJC_LITERAL_CONVERSION = YES;
				CLANG_WARN_OBJC_ROOT_CLASS = YES_ERROR;
				CLANG_WARN_QUOTED_INCLUDE_IN_FRAMEWORK_HEADER = YES;
				CLANG_WARN_RANGE_LOOP_ANALYSIS = YES;
				CLANG_WARN_STRICT_PROTOTYPES = YES;
				CLANG_WARN_SUSPICIOUS_MOVE = YES;
				CLANG_WARN_UNGUARDED_AVAILABILITY = YES_AGGRESSIVE;
				CLANG_WARN_UNREACHABLE_CODE = YES;
				CLANG_WARN__DUPLICATE_METHOD_MATCH = YES;
				COPY_PHASE_STRIP = NO;
				DEBUG_INFORMATION_FORMAT = dwarf;
				ENABLE_STRICT_OBJC_MSGSEND = YES;
				ENABLE_TESTABILITY = YES;
				GCC_C_LANGUAGE_STANDARD = gnu11;
				GCC_DYNAMIC_NO_PIC = NO;
				GCC_NO_COMMON_BLOCKS = YES;
				GCC_OPTIMIZATION_LEVEL = 0;
				GCC_PREPROCESSOR_DEFINITIONS = (
					"DEBUG=1",
					"$(inherited)",
				);
				GCC_WARN_64_TO_32_BIT_CONVERSION = YES;
				GCC_WARN_ABOUT_RETURN_TYPE = YES_ERROR;
				GCC_WARN_UNDECLARED_SELECTOR = YES;
				GCC_WARN_UNINITIALIZED_AUTOS = YES_AGGRESSIVE;
				GCC_WARN_UNUSED_FUNCTION = YES;
				GCC_WARN_UNUSED_VARIABLE = YES;
				IPHONEOS_DEPLOYMENT_TARGET = 14.4;
				MTL_ENABLE_DEBUG_INFO = INCLUDE_SOURCE;
				MTL_FAST_MATH = YES;
				ONLY_ACTIVE_ARCH = YES;
				SDKROOT = iphoneos;
				SWIFT_ACTIVE_COMPILATION_CONDITIONS = DEBUG;
				SWIFT_OPTIMIZATION_LEVEL = "-Onone";
			};
			name = Debug;
		};
		AB05C7D22612B30E0062577E /* Release */ = {
			isa = XCBuildConfiguration;
			buildSettings = {
				ALWAYS_SEARCH_USER_PATHS = NO;
				CLANG_ANALYZER_NONNULL = YES;
				CLANG_ANALYZER_NUMBER_OBJECT_CONVERSION = YES_AGGRESSIVE;
				CLANG_CXX_LANGUAGE_STANDARD = "gnu++14";
				CLANG_CXX_LIBRARY = "libc++";
				CLANG_ENABLE_MODULES = YES;
				CLANG_ENABLE_OBJC_ARC = YES;
				CLANG_ENABLE_OBJC_WEAK = YES;
				CLANG_WARN_BLOCK_CAPTURE_AUTORELEASING = YES;
				CLANG_WARN_BOOL_CONVERSION = YES;
				CLANG_WARN_COMMA = YES;
				CLANG_WARN_CONSTANT_CONVERSION = YES;
				CLANG_WARN_DEPRECATED_OBJC_IMPLEMENTATIONS = YES;
				CLANG_WARN_DIRECT_OBJC_ISA_USAGE = YES_ERROR;
				CLANG_WARN_DOCUMENTATION_COMMENTS = YES;
				CLANG_WARN_EMPTY_BODY = YES;
				CLANG_WARN_ENUM_CONVERSION = YES;
				CLANG_WARN_INFINITE_RECURSION = YES;
				CLANG_WARN_INT_CONVERSION = YES;
				CLANG_WARN_NON_LITERAL_NULL_CONVERSION = YES;
				CLANG_WARN_OBJC_IMPLICIT_RETAIN_SELF = YES;
				CLANG_WARN_OBJC_LITERAL_CONVERSION = YES;
				CLANG_WARN_OBJC_ROOT_CLASS = YES_ERROR;
				CLANG_WARN_QUOTED_INCLUDE_IN_FRAMEWORK_HEADER = YES;
				CLANG_WARN_RANGE_LOOP_ANALYSIS = YES;
				CLANG_WARN_STRICT_PROTOTYPES = YES;
				CLANG_WARN_SUSPICIOUS_MOVE = YES;
				CLANG_WARN_UNGUARDED_AVAILABILITY = YES_AGGRESSIVE;
				CLANG_WARN_UNREACHABLE_CODE = YES;
				CLANG_WARN__DUPLICATE_METHOD_MATCH = YES;
				COPY_PHASE_STRIP = NO;
				DEBUG_INFORMATION_FORMAT = "dwarf-with-dsym";
				ENABLE_NS_ASSERTIONS = NO;
				ENABLE_STRICT_OBJC_MSGSEND = YES;
				GCC_C_LANGUAGE_STANDARD = gnu11;
				GCC_NO_COMMON_BLOCKS = YES;
				GCC_WARN_64_TO_32_BIT_CONVERSION = YES;
				GCC_WARN_ABOUT_RETURN_TYPE = YES_ERROR;
				GCC_WARN_UNDECLARED_SELECTOR = YES;
				GCC_WARN_UNINITIALIZED_AUTOS = YES_AGGRESSIVE;
				GCC_WARN_UNUSED_FUNCTION = YES;
				GCC_WARN_UNUSED_VARIABLE = YES;
				IPHONEOS_DEPLOYMENT_TARGET = 14.4;
				MTL_ENABLE_DEBUG_INFO = NO;
				MTL_FAST_MATH = YES;
				SDKROOT = iphoneos;
				SWIFT_COMPILATION_MODE = wholemodule;
				SWIFT_OPTIMIZATION_LEVEL = "-O";
				VALIDATE_PRODUCT = YES;
			};
			name = Release;
		};
		AB05C7D42612B30E0062577E /* Debug */ = {
			isa = XCBuildConfiguration;
			buildSettings = {
				ASSETCATALOG_COMPILER_APPICON_NAME = AppIcon;
				ASSETCATALOG_COMPILER_GLOBAL_ACCENT_COLOR_NAME = AccentColor;
				CODE_SIGN_STYLE = Automatic;
				DEVELOPMENT_TEAM = T788XWHGQS;
				INFOPLIST_FILE = NetflixSwift/Info.plist;
				LD_RUNPATH_SEARCH_PATHS = (
					"$(inherited)",
					"@executable_path/Frameworks",
				);
				PRODUCT_BUNDLE_IDENTIFIER = br.com.tebram.netflixswift.NetflixSwift;
				PRODUCT_NAME = "$(TARGET_NAME)";
				SWIFT_VERSION = 5.0;
				TARGETED_DEVICE_FAMILY = "1,2";
			};
			name = Debug;
		};
		AB05C7D52612B30E0062577E /* Release */ = {
			isa = XCBuildConfiguration;
			buildSettings = {
				ASSETCATALOG_COMPILER_APPICON_NAME = AppIcon;
				ASSETCATALOG_COMPILER_GLOBAL_ACCENT_COLOR_NAME = AccentColor;
				CODE_SIGN_STYLE = Automatic;
				DEVELOPMENT_TEAM = T788XWHGQS;
				INFOPLIST_FILE = NetflixSwift/Info.plist;
				LD_RUNPATH_SEARCH_PATHS = (
					"$(inherited)",
					"@executable_path/Frameworks",
				);
				PRODUCT_BUNDLE_IDENTIFIER = br.com.tebram.netflixswift.NetflixSwift;
				PRODUCT_NAME = "$(TARGET_NAME)";
				SWIFT_VERSION = 5.0;
				TARGETED_DEVICE_FAMILY = "1,2";
			};
			name = Release;
		};
/* End XCBuildConfiguration section */

/* Begin XCConfigurationList section */
		AB05C7BA2612B30D0062577E /* Build configuration list for PBXProject "NetflixSwift" */ = {
			isa = XCConfigurationList;
			buildConfigurations = (
				AB05C7D12612B30E0062577E /* Debug */,
				AB05C7D22612B30E0062577E /* Release */,
			);
			defaultConfigurationIsVisible = 0;
			defaultConfigurationName = Release;
		};
		AB05C7D32612B30E0062577E /* Build configuration list for PBXNativeTarget "NetflixSwift" */ = {
			isa = XCConfigurationList;
			buildConfigurations = (
				AB05C7D42612B30E0062577E /* Debug */,
				AB05C7D52612B30E0062577E /* Release */,
			);
			defaultConfigurationIsVisible = 0;
			defaultConfigurationName = Release;
		};
/* End XCConfigurationList section */
	};
	rootObject = AB05C7B72612B30D0062577E /* Project object */;
}
